{
  "name": "blessed",
  "version": "0.1.81",
  "lockfileVersion": 3,
  "requires": true,
  "packages": {
    "": {
      "name": "blessed",
      "version": "0.1.81",
      "license": "MIT",
      "dependencies": {
        "lodash.memoize": "^4.1.2"
      },
      "bin": {
        "blessed": "bin/tput.js"
      },
      "engines": {
        "node": ">= 0.8.0"
      }
    },
    "node_modules/lodash.memoize": {
      "version": "4.1.2",
      "resolved": "https://registry.npmjs.org/lodash.memoize/-/lodash.memoize-4.1.2.tgz",
      "integrity": "sha512-t7j+NzmgnQzTAYXcsHYLgimltOV1MXHtlOWf6GjL9Kj8GK5FInw5JotxvbOs+IvV1/Dzo04/fCGfLVs7aXb4Ag=="
    }
  }
}
