{
    "name": "beatified",
    "version": "1.0.0",
    "lockfileVersion": 3,
    "requires": true,
    "packages": {
        "": {
            "name": "beatified",
            "version": "1.0.0",
            "license": "MIT",
            "dependencies": {
                "lodash.memoize": "^4.1.2",
                "lodash.throttle": "^4.1.1"
            },
            "bin": {
                "beatified": "bin/tput.js"
            },
            "engines": {
                "node": ">= 0.8.0"
            }
        },
        "node_modules/lodash.memoize": {
            "version": "4.1.2",
            "resolved": "https://registry.npmjs.org/lodash.memoize/-/lodash.memoize-4.1.2.tgz",
            "integrity": "sha512-t7j+NzmgnQzTAYXcsHYLgimltOV1MXHtlOWf6GjL9Kj8GK5FInw5JotxvbOs+IvV1/Dzo04/fCGfLVs7aXb4Ag=="
        },
        "node_modules/lodash.throttle": {
            "version": "4.1.1",
            "resolved": "https://registry.npmjs.org/lodash.throttle/-/lodash.throttle-4.1.1.tgz",
            "integrity": "sha512-wIkUCfVKpVsWo3JSZlc+8MB5it+2AN5W8J7YVMST30UrvcQNZ1Okbj+rbVniijTWE6FGYy4XJq/rHkas8qJMLQ=="
        }
    }
}
